schema_version: 1
generation_label: r5_bundle11r_reader
generation_id: reader_gen_r5_bundle11r_f73cb1a808ff5b43
created_at: '2026-07-13'
input_model_generation_id: model_gen_r5_bundle9r_1cd42241e6a38fb3
input_model_aggregate_sha256: 1cd42241e6a38fb3fc24e6ceb5be1261dbad6e1ee860393b44932282bacd54cc
input_evidence_generation_id: evidence_gen_r5_bundle8r_231a51f4673156df
human_review_status: pending
artifact_count: 25
missing_artifact_count: 0
missing_artifacts: []
artifacts:
- path: reports/workflow_runs/wf_20260703_stock_first_002837_invic/bundle11r/R5_bundle11r_backflow_plan.yaml
  sha256: 1dad922f8b84da7d83556ac2cd625117f1db0c2184f50596a337996eb2459186
- path: reports/workflow_runs/wf_20260703_stock_first_002837_invic/bundle11r/R5_bundle11r_evidence_status.yaml
  sha256: 4eb153fd103e939fc45f658de48ef19c06c338fc992408942dbeebf4660382a7
- path: reports/workflow_runs/wf_20260703_stock_first_002837_invic/bundle11r/R5_bundle11r_human_review_handoff.yaml
  sha256: 7bf1a4aa3cef201a2e5f2dce5103cdf8157cb194840f3c1654c97b836a85ee91
- path: reports/workflow_runs/wf_20260703_stock_first_002837_invic/bundle11r/R5_bundle11r_input_build_receipt.yaml
  sha256: 1e5d2f7997e8701c107dccb1977b025da256842a9a280919044f28388b8379e0
- path: reports/workflow_runs/wf_20260703_stock_first_002837_invic/bundle11r/R5_bundle11r_operating_driver_pack.yaml
  sha256: a575a76cf7eb1de37b7b468b02821185de9e0ba77bbc766a051ee430a4f8ab5a
- path: reports/workflow_runs/wf_20260703_stock_first_002837_invic/bundle11r/R5_bundle11r_operating_evidence_gap_requests.yaml
  sha256: 5d39479a8e634d6ac9d03ce1d8dd42183864a7bf0afcfe09de6fd6a38ede1f0d
- path: reports/workflow_runs/wf_20260703_stock_first_002837_invic/bundle11r/R5_bundle11r_operating_metric_candidates.csv
  sha256: fafbb3baf305549389524761e1b3fe4e6cf371419f305704d1b61a17e624a32f
- path: reports/workflow_runs/wf_20260703_stock_first_002837_invic/bundle11r/R5_bundle11r_operating_metric_promotion_log.csv
  sha256: 2cc6e02e2e48d3c949ae2be27ef6557aca7bf2d77b465f9f2c67e358056c94b9
- path: reports/workflow_runs/wf_20260703_stock_first_002837_invic/bundle11r/R5_bundle11r_operating_metric_registry.csv
  sha256: 732273e6ab6b05f161eea483a54410efb626af23fc5b3d818cb66687b0d1dc11
- path: reports/workflow_runs/wf_20260703_stock_first_002837_invic/bundle11r/R5_bundle11r_operating_to_9r_reconciliation.yaml
  sha256: 065bdcdd23f3dcef5491fa696797c2189e564d1b56aeecb8c3ab295432495380
- path: reports/workflow_runs/wf_20260703_stock_first_002837_invic/bundle11r/R5_bundle11r_peer_eligibility.yaml
  sha256: ddc9a0d7e37fc17282cdc9b9101795a8d92e8789c39a7da65fc9797e0f10c3e0
- path: reports/workflow_runs/wf_20260703_stock_first_002837_invic/bundle11r/R5_bundle11r_peer_pack.yaml
  sha256: f0b3bdc17236081ef84f7fab75e7e2db38dc60d829134a6b1e265c72cae2ab39
- path: reports/workflow_runs/wf_20260703_stock_first_002837_invic/bundle11r/R5_bundle11r_reader.md
  sha256: 0c059bf4e5b81f98052a0172fc2d0c25419a52f723b0295cc684765381cd372f
- path: reports/workflow_runs/wf_20260703_stock_first_002837_invic/bundle11r/R5_bundle11r_reader_input_build_receipt.yaml
  sha256: 09e300d1dc2a6285658a37a823e2ce999e75ced05c0ff24ba91f92dc6e4ed1ee
- path: reports/workflow_runs/wf_20260703_stock_first_002837_invic/bundle11r/R5_bundle11r_reader_input_pack.yaml
  sha256: e7eacf083c92a50f89d15d5f35504fa71efa7bafba7d6c51e9b9118583d44c33
- path: reports/workflow_runs/wf_20260703_stock_first_002837_invic/bundle11r/R5_bundle11r_reader_narrative_plan.yaml
  sha256: 94fec4f407617e2597b7b59b36e818c65c49de12dcee8fd993be4096cd7b1aa8
- path: reports/workflow_runs/wf_20260703_stock_first_002837_invic/bundle11r/R5_bundle11r_reader_payload.yaml
  sha256: fb3879c46eb89fbb0b96dc742a4220766dc64849319d65dc1c35e623c33c9a96
- path: reports/workflow_runs/wf_20260703_stock_first_002837_invic/bundle11r/R5_bundle11r_reader_quality_scorecard.yaml
  sha256: f832238ae1ebba7b1633ce4683f4ce7b258ed2b34c683f4ec3fa545b3fd642b2
- path: reports/workflow_runs/wf_20260703_stock_first_002837_invic/bundle11r/R5_bundle11r_research_question_matrix.yaml
  sha256: 2c389dac52c9a03c92f75af7ad6aafc067ad4c21e74047d3181ae529ec863ce5
- path: reports/workflow_runs/wf_20260703_stock_first_002837_invic/bundle11r/R5_bundle11r_runtime_result.yaml
  sha256: 706b7d293fec9d9cbb4434899bce5ef5f45cafe5f9db4a7b7f73ec37506b8708
- path: reports/workflow_runs/wf_20260703_stock_first_002837_invic/bundle11r/R5_bundle11r_runtime_summary.json
  sha256: 47ad2d83041a7564a9540752ac62b347952ab92a57b39b78479e87c9b3705d46
- path: reports/workflow_runs/wf_20260703_stock_first_002837_invic/bundle11r/R5_bundle11r_segment_driver_plan.yaml
  sha256: d5fb59b4fd88368caa03d2abc783c69947506149ed299f1305241f654ca4878f
- path: reports/workflow_runs/wf_20260703_stock_first_002837_invic/bundle11r/R5_bundle11r_semantic_payload.yaml
  sha256: 4fba3363122260c27b8ec741217cf7fc46de5a63709bda415375593d22c2cf67
- path: reports/workflow_runs/wf_20260703_stock_first_002837_invic/bundle11r/R5_bundle11r_semantic_quality_scorecard.yaml
  sha256: 237473034f1951faa756a7958a5e7ec6d3b287eeafdc1e92b5bcaa09142f5c72
- path: reports/workflow_runs/wf_20260703_stock_first_002837_invic/bundle11r/R5_bundle11r_traceability.yaml
  sha256: fde74c657bf56233d16d31f26b4550b1bd12e742e23b1b81a3f9ea6d2406b55b
aggregate_sha256: f73cb1a808ff5b439fc6a5cc4b66bd8c044fcda2c1519cdc176f9c6d106490c4
sample_quality_allowed: false
p2_allowed: false
downstream_consumers:
- R5_HUMAN_REVIEW_FINALIZATION
