artifact_type: R5_bundle12r_generation_lock
schema_version: 1
generation_id: op_evidence_gen_r5_bundle12r_e3567efdc999aa91
workflow_id: wf_20260703_stock_first_002837_invic
decision: needs_backflow
artifact_hashes:
  R5_bundle12r_backflow_plan.yaml: 159581e28354f24723bdb5188e0d680ca53228f42898eb0b0fc8d19e833efb77
  R5_bundle12r_operating_evidence_input_snapshot.yaml: 00a6db8aa57f036d2ae9ed2c3c873a22da1b55a26e7e5dc9781cd66fe0e9f418
  R5_bundle12r_operating_evidence_result.yaml: d5fab0526bff6e7e767a1f81f8090e27b58cc623749bd77329c8bb07ff3a14b8
  R5_bundle12r_research_question_plan.yaml: d286da50cfc634541bccb90cd15c4f75ec57054de851833062f27569e8bdbd41
sample_quality_allowed: false
p2_allowed: false
