bundle_id: R5_BUNDLE16R_REVIEWED_EVIDENCE_PACK_MATERIALIZATION
canonical_workflow_state_mutation_allowed: false
generation_id: pack_materialization_gen_7b50d5bfb9ae5c92
input_sha256:
  case:tests/fixtures/r5_bundle14r/cases/copper_foil.yaml: 09f3831a46cd6bae6fd2ce1659eb6e0f85f82d8062e5793651d17c0f8daa7df7
  case:tests/fixtures/r5_bundle14r/cases/crdmo.yaml: 8409ad6835649f424ce56fc854aa302bc8bbbca8bb4fea679d93837eb2b460f4
  case:tests/fixtures/r5_bundle14r/cases/gold_mining.yaml: 7f0413564b3706a494ca1a5861f9ea331fa6ec86936345c7daa782f988a41027
  case:tests/fixtures/r5_bundle14r/cases/multi_business_ai_infrastructure.yaml: 3532a714d8d5877a377576bebbe4628be32f8a0394b4dca9cac66d175903cf79
  catalog:data/manifests/claims_registry.csv: 2c514ffb22320b9cb3e341088d384506d30d7612809850a9c1fad8b73dff0337
  catalog:data/manifests/evidence_manifest.csv: 34568fb9f31dc84c16e4b086b751a81ef8770591086c59a901ea7107510175ae
  catalog:data/manifests/metrics_registry.csv: 16ef9791435c03d45f50166501df7ef6e838f811cbe250cb6ab59ff0e445945a
  declared:baseline_commit: 911136de409a50dee2bd9828a117de4fa24ab75d
  mapping:reports/golden_regressions/reviewed_mappings/golden_copper_foil_product_generation.yaml: 2a135da1bf46db6a3675c83ba554de4f7a7b6ff9f69a180633d0c58a1198c325
  mapping:reports/golden_regressions/reviewed_mappings/golden_crdmo_backlog_conversion.yaml: f8178c9ca7392c4c4b42a6ad467e0977c11e968e432b5c51d85e32fb74b90728
  mapping:reports/golden_regressions/reviewed_mappings/golden_gold_mining_cycle.yaml: 14aff0d501b27d391fa8e07d67e535bab21ec853bc7d715b8ed6fec2ab360967
  mapping:reports/golden_regressions/reviewed_mappings/golden_multi_business_ai_infrastructure.yaml: 1fdd4491ad556f8768795e0aa272e4df09e5600e24bb65ec97dc63dfeb614323
inventory_sha256: 3f5eed3189e3856a22206f11014465c3ace2684124ffd4a2d2347a88bc917bd1
p2_allowed: false
pack_sha256: {}
release_authority: false
sample_quality_allowed: false
schema_version: r5_bundle16r_generation_lock_v1
status_proposal_sha256: 720dc040ec2227abb19afb2d51f65a8a12fe9dfca68dbfbfb9dd8d8295bf358b
suite_sha256: 27a756f5ab652e3c3e5381989c6b7fdec0ff79e8582fe2f4b957601fcf986c09
