schema_version: 1
generation_label: r5_bundle9r_model
generation_id: model_gen_r5_bundle9r_1cd42241e6a38fb3
created_at: '2026-07-13'
input_evidence_generation_id: evidence_gen_r5_bundle8r_231a51f4673156df
input_evidence_aggregate_sha256: 231a51f4673156dfd2fa24aa96ad7b915dfd3466483ac7bcd87c39b8d0b17e2b
artifact_count: 13
missing_artifact_count: 0
artifacts:
- path: reports/workflow_runs/wf_20260703_stock_first_002837_invic/R5_bundle9r_consensus_comparison.csv
  sha256: 4bc333cafb097cb83c80865a07ef3389fc66c47cf0dfc8fea469831a4669b94d
- path: reports/workflow_runs/wf_20260703_stock_first_002837_invic/R5_bundle9r_financial_statement_bridge.yaml
  sha256: 5e43c0124aabe4cb36a1ed3451acf7e7e6206b6f8a5d8c3c56232e248691e921
- path: reports/workflow_runs/wf_20260703_stock_first_002837_invic/R5_bundle9r_forecast_assumption_registry.yaml
  sha256: d1fefc7d8ac283f1c6144450831a5bc3e4987644cfb193c6597451f1ac6d3a0f
- path: reports/workflow_runs/wf_20260703_stock_first_002837_invic/R5_bundle9r_input_review_ledger.yaml
  sha256: f9bcbd8b092c404e2ebeda4c8062116d87aa1ce14efdd7cfcfd660e7f9088d1d
- path: reports/workflow_runs/wf_20260703_stock_first_002837_invic/R5_bundle9r_market_snapshot.yaml
  sha256: 39ab4fa6eb437f47b18edff8bf8f0e189e6614bb4b5e9981a357b34d20f46696
- path: reports/workflow_runs/wf_20260703_stock_first_002837_invic/R5_bundle9r_model_pack.yaml
  sha256: 48f95804e413167caedf7fc604f8e34cb39df4c0cdaf8e48c9a149032427edd1
- path: reports/workflow_runs/wf_20260703_stock_first_002837_invic/R5_bundle9r_peer_operating_reconciliation.yaml
  sha256: a0283ab9063c91b229978aa9e8e3745d312b2f28eda3ef14ad8d20f9bc2eed2d
- path: reports/workflow_runs/wf_20260703_stock_first_002837_invic/R5_bundle9r_quality_scorecard.yaml
  sha256: a2231125afc4211d3cd3c3e179984fd754055a3520632afb4606569fdd2f66d0
- path: reports/workflow_runs/wf_20260703_stock_first_002837_invic/R5_bundle9r_reverse_valuation.yaml
  sha256: 71e0d15ee474e103a900e7e85931b3fe96a6aa95a76755fb1929ef7f7dac6c72
- path: reports/workflow_runs/wf_20260703_stock_first_002837_invic/R5_bundle9r_scenario_pack.yaml
  sha256: b1eeab609bab4d9e7d84f95e7dce92e5f06238ae58826e9b5d436b32e1e50857
- path: reports/workflow_runs/wf_20260703_stock_first_002837_invic/R5_bundle9r_scenario_valuation.yaml
  sha256: 030e373ae1930b08a68ec0004e0c019b84f6d7301f8ad0d5512d17dcd3f05b6f
- path: reports/workflow_runs/wf_20260703_stock_first_002837_invic/R5_bundle9r_segment_driver_model.yaml
  sha256: a2f4d91b9c9146afd4dda9bcfb41053fb773847f4add3888a2b2458fc4580c7e
- path: reports/workflow_runs/wf_20260703_stock_first_002837_invic/R5_bundle9r_sensitivity.csv
  sha256: c5b80aff9085b15fd205f681c05979c2c99b2a17a74047a4e24a677fd6c0a2d0
aggregate_sha256: 1cd42241e6a38fb3fc24e6ceb5be1261dbad6e1ee860393b44932282bacd54cc
downstream_consumers:
- R5_BUNDLE_10R_READER_REBUILD
